// !$*UTF8*$!
{
	archiveVersion = 1;
	classes = {
	};
	objectVersion = 48;
	objects = {

/* Begin PBXBuildFile section */
		E19A4EA42005076F00FB462C /* AppDelegate.swift in Sources */ = {isa = PBXBuildFile; fileRef = E19A4EA32005076F00FB462C /* AppDelegate.swift */; };
		E19A4EA62005076F00FB462C /* ViewController.swift in Sources */ = {isa = PBXBuildFile; fileRef = E19A4EA52005076F00FB462C /* ViewController.swift */; };
		E19A4EA92005076F00FB462C /* Main.storyboard in Resources */ = {isa = PBXBuildFile; fileRef = E19A4EA72005076F00FB462C /* Main.storyboard */; };
		E19A4EAB2005076F00FB462C /* Assets.xcassets in Resources */ = {isa = PBXBuildFile; fileRef = E19A4EAA2005076F00FB462C /* Assets.xcassets */; };
		E19A4EAE2005076F00FB462C /* LaunchScreen.storyboard in Resources */ = {isa = PBXBuildFile; fileRef = E19A4EAC2005076F00FB462C /* LaunchScreen.storyboard */; };
		E19A4EB92005076F00FB462C /* FastlaneDemoTests.swift in Sources */ = {isa = PBXBuildFile; fileRef = E19A4EB82005076F00FB462C /* FastlaneDemoTests.swift */; };
		E19A4EC42005076F00FB462C /* FastlaneDemoUITests.swift in Sources */ = {isa = PBXBuildFile; fileRef = E19A4EC32005076F00FB462C /* FastlaneDemoUITests.swift */; };
/* End PBXBuildFile section */

/* Begin PBXContainerItemProxy section */
		E19A4EB52005076F00FB462C /* PBXContainerItemProxy */ = {
			isa = PBXContainerItemProxy;
			containerPortal = E19A4E982005076F00FB462C /* Project object */;
			proxyType = 1;
			remoteGlobalIDString = E19A4E9F2005076F00FB462C;
			remoteInfo = FastlaneDemo;
		};
		E19A4EC02005076F00FB462C /* PBXContainerItemProxy */ = {
			isa = PBXContainerItemProxy;
			containerPortal = E19A4E982005076F00FB462C /* Project object */;
			proxyType = 1;
			remoteGlobalIDString = E19A4E9F2005076F00FB462C;
			remoteInfo = FastlaneDemo;
		};
/* End PBXContainerItemProxy section */

/* Begin PBXFileReference section */
		E19A4EA02005076F00FB462C /* FastlaneDemo.app */ = {isa = PBXFileReference; explicitFileType = wrapper.application; includeInIndex = 0; path = FastlaneDemo.app; sourceTree = BUILT_PRODUCTS_DIR; };
		E19A4EA32005076F00FB462C /* AppDelegate.swift */ = {isa = PBXFileReference; lastKnownFileType = sourcecode.swift; path = AppDelegate.swift; sourceTree = "<group>"; };
		E19A4EA52005076F00FB462C /* ViewController.swift */ = {isa = PBXFileReference; lastKnownFileType = sourcecode.swift; path = ViewController.swift; sourceTree = "<group>"; };
		E19A4EA82005076F00FB462C /* Base */ = {isa = PBXFileReference; lastKnownFileType = file.storyboard; name = Base; path = Base.lproj/Main.storyboard; sourceTree = "<group>"; };
		E19A4EAA2005076F00FB462C /* Assets.xcassets */ = {isa = PBXFileReference; lastKnownFileType = folder.assetcatalog; path = Assets.xcassets; sourceTree = "<group>"; };
		E19A4EAD2005076F00FB462C /* Base */ = {isa = PBXFileReference; lastKnownFileType = file.storyboard; name = Base; path = Base.lproj/LaunchScreen.storyboard; sourceTree = "<group>"; };
		E19A4EAF2005076F00FB462C /* Info.plist */ = {isa = PBXFileReference; lastKnownFileType = text.plist.xml; path = Info.plist; sourceTree = "<group>"; };
		E19A4EB42005076F00FB462C /* FastlaneDemoTests.xctest */ = {isa = PBXFileReference; explicitFileType = wrapper.cfbundle; includeInIndex = 0; path = FastlaneDemoTests.xctest; sourceTree = BUILT_PRODUCTS_DIR; };
		E19A4EB82005076F00FB462C /* FastlaneDemoTests.swift */ = {isa = PBXFileReference; lastKnownFileType = sourcecode.swift; path = FastlaneDemoTests.swift; sourceTree = "<group>"; };
		E19A4EBA2005076F00FB462C /* Info.plist */ = {isa = PBXFileReference; lastKnownFileType = text.plist.xml; path = Info.plist; sourceTree = "<group>"; };
		E19A4EBF2005076F00FB462C /* FastlaneDemoUITests.xctest */ = {isa = PBXFileReference; explicitFileType = wrapper.cfbundle; includeInIndex = 0; path = FastlaneDemoUITests.xctest; sourceTree = BUILT_PRODUCTS_DIR; };
		E19A4EC32005076F00FB462C /* FastlaneDemoUITests.swift */ = {isa = PBXFileReference; lastKnownFileType = sourcecode.swift; path = FastlaneDemoUITests.swift; sourceTree = "<group>"; };
		E19A4EC52005076F00FB462C /* Info.plist */ = {isa = PBXFileReference; lastKnownFileType = text.plist.xml; path = Info.plist; sourceTree = "<group>"; };
/* End PBXFileReference section */

/* Begin PBXFrameworksBuildPhase section */
		E19A4E9D2005076F00FB462C /* Frameworks */ = {
			isa = PBXFrameworksBuildPhase;
			buildActionMask = 2147483647;
			files = (
			);
			runOnlyForDeploymentPostprocessing = 0;
		};
		E19A4EB12005076F00FB462C /* Frameworks */ = {
			isa = PBXFrameworksBuildPhase;
			buildActionMask = 2147483647;
			files = (
			);
			runOnlyForDeploymentPostprocessing = 0;
		};
		E19A4EBC2005076F00FB462C /* Frameworks */ = {
			isa = PBXFrameworksBuildPhase;
			buildActionMask = 2147483647;
			files = (
			);
			runOnlyForDeploymentPostprocessing = 0;
		};
/* End PBXFrameworksBuildPhase section */

/* Begin PBXGroup section */
		E19A4E972005076F00FB462C = {
			isa = PBXGroup;
			children = (
				E19A4EA22005076F00FB462C /* FastlaneDemo */,
				E19A4EB72005076F00FB462C /* FastlaneDemoTests */,
				E19A4EC22005076F00FB462C /* FastlaneDemoUITests */,
				E19A4EA12005076F00FB462C /* Products */,
			);
			sourceTree = "<group>";
		};
		E19A4EA12005076F00FB462C /* Products */ = {
			isa = PBXGroup;
			children = (
				E19A4EA02005076F00FB462C /* FastlaneDemo.app */,
				E19A4EB42005076F00FB462C /* FastlaneDemoTests.xctest */,
				E19A4EBF2005076F00FB462C /* FastlaneDemoUITests.xctest */,
			);
			name = Products;
			sourceTree = "<group>";
		};
		E19A4EA22005076F00FB462C /* FastlaneDemo */ = {
			isa = PBXGroup;
			children = (
				E19A4EA32005076F00FB462C /* AppDelegate.swift */,
				E19A4EA52005076F00FB462C /* ViewController.swift */,
				E19A4EA72005076F00FB462C /* Main.storyboard */,
				E19A4EAA2005076F00FB462C /* Assets.xcassets */,
				E19A4EAC2005076F00FB462C /* LaunchScreen.storyboard */,
				E19A4EAF2005076F00FB462C /* Info.plist */,
			);
			path = FastlaneDemo;
			sourceTree = "<group>";
		};
		E19A4EB72005076F00FB462C /* FastlaneDemoTests */ = {
			isa = PBXGroup;
			children = (
				E19A4EB82005076F00FB462C /* FastlaneDemoTests.swift */,
				E19A4EBA2005076F00FB462C /* Info.plist */,
			);
			path = FastlaneDemoTests;
			sourceTree = "<group>";
		};
		E19A4EC22005076F00FB462C /* FastlaneDemoUITests */ = {
			isa = PBXGroup;
			children = (
				E19A4EC32005076F00FB462C /* FastlaneDemoUITests.swift */,
				E19A4EC52005076F00FB462C /* Info.plist */,
			);
			path = FastlaneDemoUITests;
			sourceTree = "<group>";
		};
/* End PBXGroup section */

/* Begin PBXNativeTarget section */
		E19A4E9F2005076F00FB462C /* FastlaneDemo */ = {
			isa = PBXNativeTarget;
			buildConfigurationList = E19A4EC82005076F00FB462C /* Build configuration list for PBXNativeTarget "FastlaneDemo" */;
			buildPhases = (
				E19A4E9C2005076F00FB462C /* Sources */,
				E19A4E9D2005076F00FB462C /* Frameworks */,
				E19A4E9E2005076F00FB462C /* Resources */,
			);
			buildRules = (
			);
			dependencies = (
			);
			name = FastlaneDemo;
			productName = FastlaneDemo;
			productReference = E19A4EA02005076F00FB462C /* FastlaneDemo.app */;
			productType = "com.apple.product-type.application";
		};
		E19A4EB32005076F00FB462C /* FastlaneDemoTests */ = {
			isa = PBXNativeTarget;
			buildConfigurationList = E19A4ECB2005076F00FB462C /* Build configuration list for PBXNativeTarget "FastlaneDemoTests" */;
			buildPhases = (
				E19A4EB02005076F00FB462C /* Sources */,
				E19A4EB12005076F00FB462C /* Frameworks */,
				E19A4EB22005076F00FB462C /* Resources */,
			);
			buildRules = (
			);
			dependencies = (
				E19A4EB62005076F00FB462C /* PBXTargetDependency */,
			);
			name = FastlaneDemoTests;
			productName = FastlaneDemoTests;
			productReference = E19A4EB42005076F00FB462C /* FastlaneDemoTests.xctest */;
			productType = "com.apple.product-type.bundle.unit-test";
		};
		E19A4EBE2005076F00FB462C /* FastlaneDemoUITests */ = {
			isa = PBXNativeTarget;
			buildConfigurationList = E19A4ECE2005076F00FB462C /* Build configuration list for PBXNativeTarget "FastlaneDemoUITests" */;
			buildPhases = (
				E19A4EBB2005076F00FB462C /* Sources */,
				E19A4EBC2005076F00FB462C /* Frameworks */,
				E19A4EBD2005076F00FB462C /* Resources */,
			);
			buildRules = (
			);
			dependencies = (
				E19A4EC12005076F00FB462C /* PBXTargetDependency */,
			);
			name = FastlaneDemoUITests;
			productName = FastlaneDemoUITests;
			productReference = E19A4EBF2005076F00FB462C /* FastlaneDemoUITests.xctest */;
			productType = "com.apple.product-type.bundle.ui-testing";
		};
/* End PBXNativeTarget section */

/* Begin PBXProject section */
		E19A4E982005076F00FB462C /* Project object */ = {
			isa = PBXProject;
			attributes = {
				LastSwiftUpdateCheck = 0920;
				LastUpgradeCheck = 0920;
				ORGANIZATIONNAME = "Alper Akinci";
				TargetAttributes = {
					E19A4E9F2005076F00FB462C = {
						CreatedOnToolsVersion = 9.2;
						ProvisioningStyle = Automatic;
					};
					E19A4EB32005076F00FB462C = {
						CreatedOnToolsVersion = 9.2;
						ProvisioningStyle = Automatic;
						TestTargetID = E19A4E9F2005076F00FB462C;
					};
					E19A4EBE2005076F00FB462C = {
						CreatedOnToolsVersion = 9.2;
						ProvisioningStyle = Automatic;
						TestTargetID = E19A4E9F2005076F00FB462C;
					};
				};
			};
			buildConfigurationList = E19A4E9B2005076F00FB462C /* Build configuration list for PBXProject "FastlaneDemo" */;
			compatibilityVersion = "Xcode 8.0";
			developmentRegion = en;
			hasScannedForEncodings = 0;
			knownRegions = (
				en,
				Base,
			);
			mainGroup = E19A4E972005076F00FB462C;
			productRefGroup = E19A4EA12005076F00FB462C /* Products */;
			projectDirPath = "";
			projectRoot = "";
			targets = (
				E19A4E9F2005076F00FB462C /* FastlaneDemo */,
				E19A4EB32005076F00FB462C /* FastlaneDemoTests */,
				E19A4EBE2005076F00FB462C /* FastlaneDemoUITests */,
			);
		};
/* End PBXProject section */

/* Begin PBXResourcesBuildPhase section */
		E19A4E9E2005076F00FB462C /* Resources */ = {
			isa = PBXResourcesBuildPhase;
			buildActionMask = 2147483647;
			files = (
				E19A4EAE2005076F00FB462C /* LaunchScreen.storyboard in Resources */,
				E19A4EAB2005076F00FB462C /* Assets.xcassets in Resources */,
				E19A4EA92005076F00FB462C /* Main.storyboard in Resources */,
			);
			runOnlyForDeploymentPostprocessing = 0;
		};
		E19A4EB22005076F00FB462C /* Resources */ = {
			isa = PBXResourcesBuildPhase;
			buildActionMask = 2147483647;
			files = (
			);
			runOnlyForDeploymentPostprocessing = 0;
		};
		E19A4EBD2005076F00FB462C /* Resources */ = {
			isa = PBXResourcesBuildPhase;
			buildActionMask = 2147483647;
			files = (
			);
			runOnlyForDeploymentPostprocessing = 0;
		};
/* End PBXResourcesBuildPhase section */

/* Begin PBXSourcesBuildPhase section */
		E19A4E9C2005076F00FB462C /* Sources */ = {
			isa = PBXSourcesBuildPhase;
			buildActionMask = 2147483647;
			files = (
				E19A4EA62005076F00FB462C /* ViewController.swift in Sources */,
				E19A4EA42005076F00FB462C /* AppDelegate.swift in Sources */,
			);
			runOnlyForDeploymentPostprocessing = 0;
		};
		E19A4EB02005076F00FB462C /* Sources */ = {
			isa = PBXSourcesBuildPhase;
			buildActionMask = 2147483647;
			files = (
				E19A4EB92005076F00FB462C /* FastlaneDemoTests.swift in Sources */,
			);
			runOnlyForDeploymentPostprocessing = 0;
		};
		E19A4EBB2005076F00FB462C /* Sources */ = {
			isa = PBXSourcesBuildPhase;
			buildActionMask = 2147483647;
			files = (
				E19A4EC42005076F00FB462C /* FastlaneDemoUITests.swift in Sources */,
			);
			runOnlyForDeploymentPostprocessing = 0;
		};
/* End PBXSourcesBuildPhase section */

/* Begin PBXTargetDependency section */
		E19A4EB62005076F00FB462C /* PBXTargetDependency */ = {
			isa = PBXTargetDependency;
			target = E19A4E9F2005076F00FB462C /* FastlaneDemo */;
			targetProxy = E19A4EB52005076F00FB462C /* PBXContainerItemProxy */;
		};
		E19A4EC12005076F00FB462C /* PBXTargetDependency */ = {
			isa = PBXTargetDependency;
			target = E19A4E9F2005076F00FB462C /* FastlaneDemo */;
			targetProxy = E19A4EC02005076F00FB462C /* PBXContainerItemProxy */;
		};
/* End PBXTargetDependency section */

/* Begin PBXVariantGroup section */
		E19A4EA72005076F00FB462C /* Main.storyboard */ = {
			isa = PBXVariantGroup;
			children = (
				E19A4EA82005076F00FB462C /* Base */,
			);
			name = Main.storyboard;
			sourceTree = "<group>";
		};
		E19A4EAC2005076F00FB462C /* LaunchScreen.storyboard */ = {
			isa = PBXVariantGroup;
			children = (
				E19A4EAD2005076F00FB462C /* Base */,
			);
			name = LaunchScreen.storyboard;
			sourceTree = "<group>";
		};
/* End PBXVariantGroup section */

/* Begin XCBuildConfiguration section */
		E19A4EC62005076F00FB462C /* Debug */ = {
			isa = XCBuildConfiguration;
			buildSettings = {
				ALWAYS_SEARCH_USER_PATHS = NO;
				CLANG_ANALYZER_NONNULL = YES;
				CLANG_ANALYZER_NUMBER_OBJECT_CONVERSION = YES_AGGRESSIVE;
				CLANG_CXX_LANGUAGE_STANDARD = "gnu++14";
				CLANG_CXX_LIBRARY = "libc++";
				CLANG_ENABLE_MODULES = YES;
				CLANG_ENABLE_OBJC_ARC = YES;
				CLANG_WARN_BLOCK_CAPTURE_AUTORELEASING = YES;
				CLANG_WARN_BOOL_CONVERSION = YES;
				CLANG_WARN_COMMA = YES;
				CLANG_WARN_CONSTANT_CONVERSION = YES;
				CLANG_WARN_DIRECT_OBJC_ISA_USAGE = YES_ERROR;
				CLANG_WARN_DOCUMENTATION_COMMENTS = YES;
				CLANG_WARN_EMPTY_BODY = YES;
				CLANG_WARN_ENUM_CONVERSION = YES;
				CLANG_WARN_INFINITE_RECURSION = YES;
				CLANG_WARN_INT_CONVERSION = YES;
				CLANG_WARN_NON_LITERAL_NULL_CONVERSION = YES;
				CLANG_WARN_OBJC_LITERAL_CONVERSION = YES;
				CLANG_WARN_OBJC_ROOT_CLASS = YES_ERROR;
				CLANG_WARN_RANGE_LOOP_ANALYSIS = YES;
				CLANG_WARN_STRICT_PROTOTYPES = YES;
				CLANG_WARN_SUSPICIOUS_MOVE = YES;
				CLANG_WARN_UNGUARDED_AVAILABILITY = YES_AGGRESSIVE;
				CLANG_WARN_UNREACHABLE_CODE = YES;
				CLANG_WARN__DUPLICATE_METHOD_MATCH = YES;
				CODE_SIGN_IDENTITY = "iPhone Developer";
				COPY_PHASE_STRIP = NO;
				DEBUG_INFORMATION_FORMAT = dwarf;
				ENABLE_STRICT_OBJC_MSGSEND = YES;
				ENABLE_TESTABILITY = YES;
				GCC_C_LANGUAGE_STANDARD = gnu11;
				GCC_DYNAMIC_NO_PIC = NO;
				GCC_NO_COMMON_BLOCKS = YES;
				GCC_OPTIMIZATION_LEVEL = 0;
				GCC_PREPROCESSOR_DEFINITIONS = (
					"DEBUG=1",
					"$(inherited)",
				);
				GCC_WARN_64_TO_32_BIT_CONVERSION = YES;
				GCC_WARN_ABOUT_RETURN_TYPE = YES_ERROR;
				GCC_WARN_UNDECLARED_SELECTOR = YES;
				GCC_WARN_UNINITIALIZED_AUTOS = YES_AGGRESSIVE;
				GCC_WARN_UNUSED_FUNCTION = YES;
				GCC_WARN_UNUSED_VARIABLE = YES;
				IPHONEOS_DEPLOYMENT_TARGET = 11.2;
				MTL_ENABLE_DEBUG_INFO = YES;
				ONLY_ACTIVE_ARCH = YES;
				SDKROOT = iphoneos;
				SWIFT_ACTIVE_COMPILATION_CONDITIONS = DEBUG;
				SWIFT_OPTIMIZATION_LEVEL = "-Onone";
			};
			name = Debug;
		};
		E19A4EC72005076F00FB462C /* Release */ = {
			isa = XCBuildConfiguration;
			buildSettings = {
				ALWAYS_SEARCH_USER_PATHS = NO;
				CLANG_ANALYZER_NONNULL = YES;
				CLANG_ANALYZER_NUMBER_OBJECT_CONVERSION = YES_AGGRESSIVE;
				CLANG_CXX_LANGUAGE_STANDARD = "gnu++14";
				CLANG_CXX_LIBRARY = "libc++";
				CLANG_ENABLE_MODULES = YES;
				CLANG_ENABLE_OBJC_ARC = YES;
				CLANG_WARN_BLOCK_CAPTURE_AUTORELEASING = YES;
				CLANG_WARN_BOOL_CONVERSION = YES;
				CLANG_WARN_COMMA = YES;
				CLANG_WARN_CONSTANT_CONVERSION = YES;
				CLANG_WARN_DIRECT_OBJC_ISA_USAGE = YES_ERROR;
				CLANG_WARN_DOCUMENTATION_COMMENTS = YES;
				CLANG_WARN_EMPTY_BODY = YES;
				CLANG_WARN_ENUM_CONVERSION = YES;
				CLANG_WARN_INFINITE_RECURSION = YES;
				CLANG_WARN_INT_CONVERSION = YES;
				CLANG_WARN_NON_LITERAL_NULL_CONVERSION = YES;
				CLANG_WARN_OBJC_LITERAL_CONVERSION = YES;
				CLANG_WARN_OBJC_ROOT_CLASS = YES_ERROR;
				CLANG_WARN_RANGE_LOOP_ANALYSIS = YES;
				CLANG_WARN_STRICT_PROTOTYPES = YES;
				CLANG_WARN_SUSPICIOUS_MOVE = YES;
				CLANG_WARN_UNGUARDED_AVAILABILITY = YES_AGGRESSIVE;
				CLANG_WARN_UNREACHABLE_CODE = YES;
				CLANG_WARN__DUPLICATE_METHOD_MATCH = YES;
				CODE_SIGN_IDENTITY = "iPhone Developer";
				COPY_PHASE_STRIP = NO;
				DEBUG_INFORMATION_FORMAT = "dwarf-with-dsym";
				ENABLE_NS_ASSERTIONS = NO;
				ENABLE_STRICT_OBJC_MSGSEND = YES;
				GCC_C_LANGUAGE_STANDARD = gnu11;
				GCC_NO_COMMON_BLOCKS = YES;
				GCC_WARN_64_TO_32_BIT_CONVERSION = YES;
				GCC_WARN_ABOUT_RETURN_TYPE = YES_ERROR;
				GCC_WARN_UNDECLARED_SELECTOR = YES;
				GCC_WARN_UNINITIALIZED_AUTOS = YES_AGGRESSIVE;
				GCC_WARN_UNUSED_FUNCTION = YES;
				GCC_WARN_UNUSED_VARIABLE = YES;
				IPHONEOS_DEPLOYMENT_TARGET = 11.2;
				MTL_ENABLE_DEBUG_INFO = NO;
				SDKROOT = iphoneos;
				SWIFT_OPTIMIZATION_LEVEL = "-Owholemodule";
				VALIDATE_PRODUCT = YES;
			};
			name = Release;
		};
		E19A4EC92005076F00FB462C /* Debug */ = {
			isa = XCBuildConfiguration;
			buildSettings = {
				ASSETCATALOG_COMPILER_APPICON_NAME = AppIcon;
				CODE_SIGN_STYLE = Automatic;
				DEVELOPMENT_TEAM = 4B72B6ARQW;
				INFOPLIST_FILE = FastlaneDemo/Info.plist;
				LD_RUNPATH_SEARCH_PATHS = "$(inherited) @executable_path/Frameworks";
				PRODUCT_BUNDLE_IDENTIFIER = com.alper.FastlaneDemo;
				PRODUCT_NAME = "$(TARGET_NAME)";
				SWIFT_VERSION = 4.0;
				TARGETED_DEVICE_FAMILY = "1,2";
			};
			name = Debug;
		};
		E19A4ECA2005076F00FB462C /* Release */ = {
			isa = XCBuildConfiguration;
			buildSettings = {
				ASSETCATALOG_COMPILER_APPICON_NAME = AppIcon;
				CODE_SIGN_STYLE = Automatic;
				DEVELOPMENT_TEAM = 4B72B6ARQW;
				INFOPLIST_FILE = FastlaneDemo/Info.plist;
				LD_RUNPATH_SEARCH_PATHS = "$(inherited) @executable_path/Frameworks";
				PRODUCT_BUNDLE_IDENTIFIER = com.alper.FastlaneDemo;
				PRODUCT_NAME = "$(TARGET_NAME)";
				SWIFT_VERSION = 4.0;
				TARGETED_DEVICE_FAMILY = "1,2";
			};
			name = Release;
		};
		E19A4ECC2005076F00FB462C /* Debug */ = {
			isa = XCBuildConfiguration;
			buildSettings = {
				ALWAYS_EMBED_SWIFT_STANDARD_LIBRARIES = YES;
				BUNDLE_LOADER = "$(TEST_HOST)";
				CODE_SIGN_STYLE = Automatic;
				DEVELOPMENT_TEAM = 4B72B6ARQW;
				INFOPLIST_FILE = FastlaneDemoTests/Info.plist;
				LD_RUNPATH_SEARCH_PATHS = "$(inherited) @executable_path/Frameworks @loader_path/Frameworks";
				PRODUCT_BUNDLE_IDENTIFIER = com.alper.FastlaneDemoTests;
				PRODUCT_NAME = "$(TARGET_NAME)";
				SWIFT_VERSION = 4.0;
				TARGETED_DEVICE_FAMILY = "1,2";
				TEST_HOST = "$(BUILT_PRODUCTS_DIR)/FastlaneDemo.app/FastlaneDemo";
			};
			name = Debug;
		};
		E19A4ECD2005076F00FB462C /* Release */ = {
			isa = XCBuildConfiguration;
			buildSettings = {
				ALWAYS_EMBED_SWIFT_STANDARD_LIBRARIES = YES;
				BUNDLE_LOADER = "$(TEST_HOST)";
				CODE_SIGN_STYLE = Automatic;
				DEVELOPMENT_TEAM = 4B72B6ARQW;
				INFOPLIST_FILE = FastlaneDemoTests/Info.plist;
				LD_RUNPATH_SEARCH_PATHS = "$(inherited) @executable_path/Frameworks @loader_path/Frameworks";
				PRODUCT_BUNDLE_IDENTIFIER = com.alper.FastlaneDemoTests;
				PRODUCT_NAME = "$(TARGET_NAME)";
				SWIFT_VERSION = 4.0;
				TARGETED_DEVICE_FAMILY = "1,2";
				TEST_HOST = "$(BUILT_PRODUCTS_DIR)/FastlaneDemo.app/FastlaneDemo";
			};
			name = Release;
		};
		E19A4ECF2005076F00FB462C /* Debug */ = {
			isa = XCBuildConfiguration;
			buildSettings = {
				ALWAYS_EMBED_SWIFT_STANDARD_LIBRARIES = YES;
				CODE_SIGN_STYLE = Automatic;
				DEVELOPMENT_TEAM = 4B72B6ARQW;
				INFOPLIST_FILE = FastlaneDemoUITests/Info.plist;
				LD_RUNPATH_SEARCH_PATHS = "$(inherited) @executable_path/Frameworks @loader_path/Frameworks";
				PRODUCT_BUNDLE_IDENTIFIER = com.alper.FastlaneDemoUITests;
				PRODUCT_NAME = "$(TARGET_NAME)";
				SWIFT_VERSION = 4.0;
				TARGETED_DEVICE_FAMILY = "1,2";
				TEST_TARGET_NAME = FastlaneDemo;
			};
			name = Debug;
		};
		E19A4ED02005076F00FB462C /* Release */ = {
			isa = XCBuildConfiguration;
			buildSettings = {
				ALWAYS_EMBED_SWIFT_STANDARD_LIBRARIES = YES;
				CODE_SIGN_STYLE = Automatic;
				DEVELOPMENT_TEAM = 4B72B6ARQW;
				INFOPLIST_FILE = FastlaneDemoUITests/Info.plist;
				LD_RUNPATH_SEARCH_PATHS = "$(inherited) @executable_path/Frameworks @loader_path/Frameworks";
				PRODUCT_BUNDLE_IDENTIFIER = com.alper.FastlaneDemoUITests;
				PRODUCT_NAME = "$(TARGET_NAME)";
				SWIFT_VERSION = 4.0;
				TARGETED_DEVICE_FAMILY = "1,2";
				TEST_TARGET_NAME = FastlaneDemo;
			};
			name = Release;
		};
/* End XCBuildConfiguration section */

/* Begin XCConfigurationList section */
		E19A4E9B2005076F00FB462C /* Build configuration list for PBXProject "FastlaneDemo" */ = {
			isa = XCConfigurationList;
			buildConfigurations = (
				E19A4EC62005076F00FB462C /* Debug */,
				E19A4EC72005076F00FB462C /* Release */,
			);
			defaultConfigurationIsVisible = 0;
			defaultConfigurationName = Release;
		};
		E19A4EC82005076F00FB462C /* Build configuration list for PBXNativeTarget "FastlaneDemo" */ = {
			isa = XCConfigurationList;
			buildConfigurations = (
				E19A4EC92005076F00FB462C /* Debug */,
				E19A4ECA2005076F00FB462C /* Release */,
			);
			defaultConfigurationIsVisible = 0;
			defaultConfigurationName = Release;
		};
		E19A4ECB2005076F00FB462C /* Build configuration list for PBXNativeTarget "FastlaneDemoTests" */ = {
			isa = XCConfigurationList;
			buildConfigurations = (
				E19A4ECC2005076F00FB462C /* Debug */,
				E19A4ECD2005076F00FB462C /* Release */,
			);
			defaultConfigurationIsVisible = 0;
			defaultConfigurationName = Release;
		};
		E19A4ECE2005076F00FB462C /* Build configuration list for PBXNativeTarget "FastlaneDemoUITests" */ = {
			isa = XCConfigurationList;
			buildConfigurations = (
				E19A4ECF2005076F00FB462C /* Debug */,
				E19A4ED02005076F00FB462C /* Release */,
			);
			defaultConfigurationIsVisible = 0;
			defaultConfigurationName = Release;
		};
/* End XCConfigurationList section */
	};
	rootObject = E19A4E982005076F00FB462C /* Project object */;
}
